
Microsoft Visual Studio Solution File, Format Version 12.00
# Visual Studio Version 17
VisualStudioVersion = 17.9.34728.123
MinimumVisualStudioVersion = 10.0.40219.1
Project("{2150E333-8FDC-42A3-9474-1A3956D46DE8}") = "FE", "FE", "{00CBD1E0-B711-4DA9-A3D4-6D5C0610BC1D}"
EndProject
Project("{FAE04EC0-301F-11D3-BF4B-00C04F79EFBC}") = "FleetManagmentSystem", "FleetManagmentSystem\FleetManagmentSystem.csproj", "{8793B22E-04FE-419F-830C-B81BA50539E4}"
EndProject
Global
	GlobalSection(SolutionConfigurationPlatforms) = preSolution
		Debug|Any CPU = Debug|Any CPU
		Release|Any CPU = Release|Any CPU
	EndGlobalSection
	GlobalSection(ProjectConfigurationPlatforms) = postSolution
		{8793B22E-04FE-419F-830C-B81BA50539E4}.Debug|Any CPU.ActiveCfg = Debug|Any CPU
		{8793B22E-04FE-419F-830C-B81BA50539E4}.Debug|Any CPU.Build.0 = Debug|Any CPU
		{8793B22E-04FE-419F-830C-B81BA50539E4}.Release|Any CPU.ActiveCfg = Release|Any CPU
		{8793B22E-04FE-419F-830C-B81BA50539E4}.Release|Any CPU.Build.0 = Release|Any CPU
	EndGlobalSection
	GlobalSection(SolutionProperties) = preSolution
		HideSolutionNode = FALSE
	EndGlobalSection
	GlobalSection(ExtensibilityGlobals) = postSolution
		SolutionGuid = {1475A1BC-A5A7-48F7-90A6-5AC4DDA80EA1}
	EndGlobalSection
EndGlobal
